
Microsoft Visual Studio Solution File, Format Version 12.00
# Visual Studio 15
VisualStudioVersion = 15.0.27703.2026
MinimumVisualStudioVersion = 10.0.40219.1
Project("{9A19103F-16F7-4668-BE54-9A1E7A4F7556}") = "SerilogASPNETCoreMSSQLDB", "SerilogASPNETCoreMSSQLDB\SerilogASPNETCoreMSSQLDB.csproj", "{C7AB76CD-8720-40B9-8355-C64D878B36EB}"
EndProject
Project("{9A19103F-16F7-4668-BE54-9A1E7A4F7556}") = "SerilogASPNETCoreFileSinks", "SerilogASPNETCoreFileSinks\SerilogASPNETCoreFileSinks.csproj", "{46DEBC44-22AB-43F1-AB0A-DBA1FF2975D7}"
EndProject
Project("{9A19103F-16F7-4668-BE54-9A1E7A4F7556}") = "DBRepository", "DBRepository\DBRepository.csproj", "{4D5EE94B-B2F1-4723-8875-2C01630D1BA4}"
EndProject
Global
	GlobalSection(SolutionConfigurationPlatforms) = preSolution
		Debug|Any CPU = Debug|Any CPU
		Release|Any CPU = Release|Any CPU
	EndGlobalSection
	GlobalSection(ProjectConfigurationPlatforms) = postSolution
		{C7AB76CD-8720-40B9-8355-C64D878B36EB}.Debug|Any CPU.ActiveCfg = Debug|Any CPU
		{C7AB76CD-8720-40B9-8355-C64D878B36EB}.Debug|Any CPU.Build.0 = Debug|Any CPU
		{C7AB76CD-8720-40B9-8355-C64D878B36EB}.Release|Any CPU.ActiveCfg = Release|Any CPU
		{C7AB76CD-8720-40B9-8355-C64D878B36EB}.Release|Any CPU.Build.0 = Release|Any CPU
		{46DEBC44-22AB-43F1-AB0A-DBA1FF2975D7}.Debug|Any CPU.ActiveCfg = Debug|Any CPU
		{46DEBC44-22AB-43F1-AB0A-DBA1FF2975D7}.Debug|Any CPU.Build.0 = Debug|Any CPU
		{46DEBC44-22AB-43F1-AB0A-DBA1FF2975D7}.Release|Any CPU.ActiveCfg = Release|Any CPU
		{46DEBC44-22AB-43F1-AB0A-DBA1FF2975D7}.Release|Any CPU.Build.0 = Release|Any CPU
		{4D5EE94B-B2F1-4723-8875-2C01630D1BA4}.Debug|Any CPU.ActiveCfg = Debug|Any CPU
		{4D5EE94B-B2F1-4723-8875-2C01630D1BA4}.Debug|Any CPU.Build.0 = Debug|Any CPU
		{4D5EE94B-B2F1-4723-8875-2C01630D1BA4}.Release|Any CPU.ActiveCfg = Release|Any CPU
		{4D5EE94B-B2F1-4723-8875-2C01630D1BA4}.Release|Any CPU.Build.0 = Release|Any CPU
	EndGlobalSection
	GlobalSection(SolutionProperties) = preSolution
		HideSolutionNode = FALSE
	EndGlobalSection
	GlobalSection(ExtensibilityGlobals) = postSolution
		SolutionGuid = {70A19EFA-0453-46D5-8BE1-576EDF1FAFB8}
	EndGlobalSection
EndGlobal
